
Microsoft Visual Studio Solution File, Format Version 12.00
# Visual Studio Version 17
VisualStudioVersion = 17.10.35027.167
MinimumVisualStudioVersion = 10.0.40219.1
Project("{FAE04EC0-301F-11D3-BF4B-00C04F79EFBC}") = "CrudAPI", "CrudAPI\CrudAPI.csproj", "{A12505C5-AC16-4850-82B1-01F9FDD3E4C0}"
EndProject
Global
	GlobalSection(SolutionConfigurationPlatforms) = preSolution
		Debug|Any CPU = Debug|Any CPU
		Release|Any CPU = Release|Any CPU
	EndGlobalSection
	GlobalSection(ProjectConfigurationPlatforms) = postSolution
		{A12505C5-AC16-4850-82B1-01F9FDD3E4C0}.Debug|Any CPU.ActiveCfg = Debug|Any CPU
		{A12505C5-AC16-4850-82B1-01F9FDD3E4C0}.Debug|Any CPU.Build.0 = Debug|Any CPU
		{A12505C5-AC16-4850-82B1-01F9FDD3E4C0}.Release|Any CPU.ActiveCfg = Release|Any CPU
		{A12505C5-AC16-4850-82B1-01F9FDD3E4C0}.Release|Any CPU.Build.0 = Release|Any CPU
	EndGlobalSection
	GlobalSection(SolutionProperties) = preSolution
		HideSolutionNode = FALSE
	EndGlobalSection
	GlobalSection(ExtensibilityGlobals) = postSolution
		SolutionGuid = {DCC342D9-5C75-4535-AE7A-89FB84D190C7}
	EndGlobalSection
EndGlobal
